Microsoft Visual Studio Solution File, Format Version 11.00
# Visual Studio 2008

Project("{E1F6F8A7-414E-E1BA-43F6-527B66F49CC4}") = "WiFi Robot", "Assembly-CSharp.csproj", "{60B5286D-34C0-5D32-4113-3841BBC0804C}"
EndProject
Global
	GlobalSection(SolutionConfigurationPlatforms) = preSolution
		Debug|Any CPU = Debug|Any CPU
		Release|Any CPU = Release|Any CPU
	EndGlobalSection
	GlobalSection(ProjectConfigurationPlatforms) = postSolution
		{60B5286D-34C0-5D32-4113-3841BBC0804C}.Debug|Any CPU.ActiveCfg = Debug|Any CPU
		{60B5286D-34C0-5D32-4113-3841BBC0804C}.Debug|Any CPU.Build.0 = Debug|Any CPU
		{60B5286D-34C0-5D32-4113-3841BBC0804C}.Release|Any CPU.ActiveCfg = Release|Any CPU
		{60B5286D-34C0-5D32-4113-3841BBC0804C}.Release|Any CPU.Build.0 = Release|Any CPU
	EndGlobalSection
	GlobalSection(SolutionProperties) = preSolution
		HideSolutionNode = FALSE
	EndGlobalSection
	GlobalSection(MonoDevelopProperties) = preSolution
		StartupItem = Assembly-CSharp.csproj
	EndGlobalSection
EndGlobal
